
Microsoft Visual Studio Solution File, Format Version 12.00
# Visual Studio Version 16
VisualStudioVersion = 16.0.29306.81
MinimumVisualStudioVersion = 10.0.40219.1
Project("{FAE04EC0-301F-11D3-BF4B-00C04F79EFBC}") = "App1", "App1\App1.csproj", "{CE1B8AFD-9D03-4E18-BBB2-6865129B9969}"
EndProject
Global
	GlobalSection(SolutionConfigurationPlatforms) = preSolution
		Debug|Any CPU = Debug|Any CPU
		Release|Any CPU = Release|Any CPU
	EndGlobalSection
	GlobalSection(ProjectConfigurationPlatforms) = postSolution
		{CE1B8AFD-9D03-4E18-BBB2-6865129B9969}.Debug|Any CPU.ActiveCfg = Debug|Any CPU
		{CE1B8AFD-9D03-4E18-BBB2-6865129B9969}.Debug|Any CPU.Build.0 = Debug|Any CPU
		{CE1B8AFD-9D03-4E18-BBB2-6865129B9969}.Debug|Any CPU.Deploy.0 = Debug|Any CPU
		{CE1B8AFD-9D03-4E18-BBB2-6865129B9969}.Release|Any CPU.ActiveCfg = Release|Any CPU
		{CE1B8AFD-9D03-4E18-BBB2-6865129B9969}.Release|Any CPU.Build.0 = Release|Any CPU
		{CE1B8AFD-9D03-4E18-BBB2-6865129B9969}.Release|Any CPU.Deploy.0 = Release|Any CPU
	EndGlobalSection
	GlobalSection(SolutionProperties) = preSolution
		HideSolutionNode = FALSE
	EndGlobalSection
	GlobalSection(ExtensibilityGlobals) = postSolution
		SolutionGuid = {1B207D18-71C2-4E3F-82E8-16D9324228B2}
	EndGlobalSection
EndGlobal
